
Microsoft Visual Studio Solution File, Format Version 12.00
# Visual Studio 2015
Project("{FAE04EC0-301F-11D3-BF4B-00C04F79EFBC}") = "SENG170_Project1", "SENG170_Project1.csproj", "{8D58E1CD-6108-3C6F-CF8B-EB6E8E3C1662}"
EndProject
Global
	GlobalSection(SolutionConfigurationPlatforms) = preSolution
		Debug|Any CPU = Debug|Any CPU
		Release|Any CPU = Release|Any CPU
	EndGlobalSection
	GlobalSection(ProjectConfigurationPlatforms) = postSolution
		{8D58E1CD-6108-3C6F-CF8B-EB6E8E3C1662}.Debug|Any CPU.ActiveCfg = Debug|Any CPU
		{8D58E1CD-6108-3C6F-CF8B-EB6E8E3C1662}.Debug|Any CPU.Build.0 = Debug|Any CPU
		{8D58E1CD-6108-3C6F-CF8B-EB6E8E3C1662}.Release|Any CPU.ActiveCfg = Release|Any CPU
		{8D58E1CD-6108-3C6F-CF8B-EB6E8E3C1662}.Release|Any CPU.Build.0 = Release|Any CPU
	EndGlobalSection
	GlobalSection(SolutionProperties) = preSolution
		HideSolutionNode = FALSE
	EndGlobalSection
EndGlobal
